
Microsoft Visual Studio Solution File, Format Version 11.00
# Visual Studio 2010
Project("{FAE04EC0-301F-11D3-BF4B-00C04F79EFBC}") = "Terraria", "Terraria1405.csproj", "{871F9262-6045-4A9A-81A3-EA9477232E32}"
EndProject
Global
	GlobalSection(SolutionConfigurationPlatforms) = preSolution
		Debug|Any CPU = Debug|Any CPU
		Release|Any CPU = Release|Any CPU
	EndGlobalSection
	GlobalSection(ProjectConfigurationPlatforms) = postSolution
		{871F9262-6045-4A9A-81A3-EA9477232E32}.Debug|Any CPU.ActiveCfg = Debug|Any CPU
		{871F9262-6045-4A9A-81A3-EA9477232E32}.Debug|Any CPU.Build.0 = Debug|Any CPU
		{871F9262-6045-4A9A-81A3-EA9477232E32}.Release|Any CPU.ActiveCfg = Release|Any CPU
		{871F9262-6045-4A9A-81A3-EA9477232E32}.Release|Any CPU.Build.0 = Release|Any CPU
	EndGlobalSection
	GlobalSection(SolutionProperties) = preSolution
		HideSolutionNode = FALSE
	EndGlobalSection
EndGlobal
